<?xml version="1.0" encoding="UTF-8"?>
<Project ToolsVersion="12.0" xmlns="http://schemas.microsoft.com/developer/msbuild/2003">
  <ItemGroup>
    <ClCompile Include="C:\Users\teeerawat\Desktop\OpenEXR\openexr\IlmBase\Half\half.cpp">
      <Filter>Source Files</Filter>
    </ClCompile>
  </ItemGroup>
  <ItemGroup>
    <CustomBuild Include="C:\Users\teeerawat\Desktop\OpenEXR\openexr\IlmBase\Half\CMakeLists.txt" />
  </ItemGroup>
  <ItemGroup>
    <Filter Include="Source Files">
      <UniqueIdentifier>{1EFBCF19-DB2A-3EBB-9DB9-CDE7B60B3CDF}</UniqueIdentifier>
    </Filter>
  </ItemGroup>
</Project>
