<?xml version="1.0" encoding="UTF-8"?>
<Project ToolsVersion="12.0" xmlns="http://schemas.microsoft.com/developer/msbuild/2003">
  <ItemGroup>
    <CustomBuild Include="C:\Users\teeerawat\Desktop\OpenEXR\openexr\OpenEXR\CMakeFiles\d4b6221f66e498fc97dda41308513487\PACKAGE_force.rule">
      <Filter>CMake Rules</Filter>
    </CustomBuild>
  </ItemGroup>
  <ItemGroup>
    <Filter Include="CMake Rules">
      <UniqueIdentifier>{07DA4A86-8C37-3068-A858-939EC1A21DA0}</UniqueIdentifier>
    </Filter>
  </ItemGroup>
</Project>
