Microsoft Visual Studio Solution File, Format Version 12.00
# Visual Studio 2013
Project("{8BC9CEB8-8B4A-11D0-8D11-00A0C91BC942}") = "ALL_BUILD", "ALL_BUILD.vcxproj", "{22834AE1-7B79-3B5A-99C1-27C4A1E027FC}"
	ProjectSection(ProjectDependencies) = postProject
		{2FC5441E-3689-32E5-9C01-E6E830C5DFA0} = {2FC5441E-3689-32E5-9C01-E6E830C5DFA0}
		{5DB625B9-FA92-3752-988E-3F5FF9577F45} = {5DB625B9-FA92-3752-988E-3F5FF9577F45}
		{773822D9-205B-3E75-AF3A-7DC495062562} = {773822D9-205B-3E75-AF3A-7DC495062562}
		{74A50848-A813-3FFA-86B6-6DC30BE81845} = {74A50848-A813-3FFA-86B6-6DC30BE81845}
		{2B766E19-BA5A-3851-BDD9-2BA21D94CE42} = {2B766E19-BA5A-3851-BDD9-2BA21D94CE42}
		{457E8CC0-9C37-33BF-AA81-35154EF1CE9B} = {457E8CC0-9C37-33BF-AA81-35154EF1CE9B}
		{8803F2E6-B7F7-33A7-B8B5-205772495843} = {8803F2E6-B7F7-33A7-B8B5-205772495843}
		{89B59F4D-9C2A-3574-B329-5FDD3395D939} = {89B59F4D-9C2A-3574-B329-5FDD3395D939}
		{B1CDCD62-83F2-372A-860E-EA47FC118284} = {B1CDCD62-83F2-372A-860E-EA47FC118284}
		{9118316B-BA4A-3569-BC78-B41F1BA655CC} = {9118316B-BA4A-3569-BC78-B41F1BA655CC}
		{E76C19C8-2889-3B4B-B7BC-0E46C9425C4C} = {E76C19C8-2889-3B4B-B7BC-0E46C9425C4C}
	EndProjectSection
EndProject
Project("{8BC9CEB8-8B4A-11D0-8D11-00A0C91BC942}") = "Half", "Half\Half.vcxproj", "{2FC5441E-3689-32E5-9C01-E6E830C5DFA0}"
	ProjectSection(ProjectDependencies) = postProject
		{B1CDCD62-83F2-372A-860E-EA47FC118284} = {B1CDCD62-83F2-372A-860E-EA47FC118284}
		{9118316B-BA4A-3569-BC78-B41F1BA655CC} = {9118316B-BA4A-3569-BC78-B41F1BA655CC}
		{E76C19C8-2889-3B4B-B7BC-0E46C9425C4C} = {E76C19C8-2889-3B4B-B7BC-0E46C9425C4C}
	EndProjectSection
EndProject
Project("{8BC9CEB8-8B4A-11D0-8D11-00A0C91BC942}") = "HalfTest", "HalfTest\HalfTest.vcxproj", "{5DB625B9-FA92-3752-988E-3F5FF9577F45}"
	ProjectSection(ProjectDependencies) = postProject
		{2FC5441E-3689-32E5-9C01-E6E830C5DFA0} = {2FC5441E-3689-32E5-9C01-E6E830C5DFA0}
		{B1CDCD62-83F2-372A-860E-EA47FC118284} = {B1CDCD62-83F2-372A-860E-EA47FC118284}
	EndProjectSection
EndProject
Project("{8BC9CEB8-8B4A-11D0-8D11-00A0C91BC942}") = "INSTALL", "INSTALL.vcxproj", "{FDC9AD1B-2C20-3719-9E5E-8B6EBB05EA32}"
	ProjectSection(ProjectDependencies) = postProject
		{22834AE1-7B79-3B5A-99C1-27C4A1E027FC} = {22834AE1-7B79-3B5A-99C1-27C4A1E027FC}
		{B1CDCD62-83F2-372A-860E-EA47FC118284} = {B1CDCD62-83F2-372A-860E-EA47FC118284}
	EndProjectSection
EndProject
Project("{8BC9CEB8-8B4A-11D0-8D11-00A0C91BC942}") = "Iex", "Iex\Iex.vcxproj", "{773822D9-205B-3E75-AF3A-7DC495062562}"
	ProjectSection(ProjectDependencies) = postProject
		{B1CDCD62-83F2-372A-860E-EA47FC118284} = {B1CDCD62-83F2-372A-860E-EA47FC118284}
	EndProjectSection
EndProject
Project("{8BC9CEB8-8B4A-11D0-8D11-00A0C91BC942}") = "IexMath", "IexMath\IexMath.vcxproj", "{74A50848-A813-3FFA-86B6-6DC30BE81845}"
	ProjectSection(ProjectDependencies) = postProject
		{773822D9-205B-3E75-AF3A-7DC495062562} = {773822D9-205B-3E75-AF3A-7DC495062562}
		{B1CDCD62-83F2-372A-860E-EA47FC118284} = {B1CDCD62-83F2-372A-860E-EA47FC118284}
	EndProjectSection
EndProject
Project("{8BC9CEB8-8B4A-11D0-8D11-00A0C91BC942}") = "IexTest", "IexTest\IexTest.vcxproj", "{2B766E19-BA5A-3851-BDD9-2BA21D94CE42}"
	ProjectSection(ProjectDependencies) = postProject
		{773822D9-205B-3E75-AF3A-7DC495062562} = {773822D9-205B-3E75-AF3A-7DC495062562}
		{B1CDCD62-83F2-372A-860E-EA47FC118284} = {B1CDCD62-83F2-372A-860E-EA47FC118284}
	EndProjectSection
EndProject
Project("{8BC9CEB8-8B4A-11D0-8D11-00A0C91BC942}") = "IlmThread", "IlmThread\IlmThread.vcxproj", "{457E8CC0-9C37-33BF-AA81-35154EF1CE9B}"
	ProjectSection(ProjectDependencies) = postProject
		{773822D9-205B-3E75-AF3A-7DC495062562} = {773822D9-205B-3E75-AF3A-7DC495062562}
		{B1CDCD62-83F2-372A-860E-EA47FC118284} = {B1CDCD62-83F2-372A-860E-EA47FC118284}
	EndProjectSection
EndProject
Project("{8BC9CEB8-8B4A-11D0-8D11-00A0C91BC942}") = "Imath", "Imath\Imath.vcxproj", "{8803F2E6-B7F7-33A7-B8B5-205772495843}"
	ProjectSection(ProjectDependencies) = postProject
		{773822D9-205B-3E75-AF3A-7DC495062562} = {773822D9-205B-3E75-AF3A-7DC495062562}
		{B1CDCD62-83F2-372A-860E-EA47FC118284} = {B1CDCD62-83F2-372A-860E-EA47FC118284}
	EndProjectSection
EndProject
Project("{8BC9CEB8-8B4A-11D0-8D11-00A0C91BC942}") = "ImathTest", "ImathTest\ImathTest.vcxproj", "{89B59F4D-9C2A-3574-B329-5FDD3395D939}"
	ProjectSection(ProjectDependencies) = postProject
		{773822D9-205B-3E75-AF3A-7DC495062562} = {773822D9-205B-3E75-AF3A-7DC495062562}
		{8803F2E6-B7F7-33A7-B8B5-205772495843} = {8803F2E6-B7F7-33A7-B8B5-205772495843}
		{B1CDCD62-83F2-372A-860E-EA47FC118284} = {B1CDCD62-83F2-372A-860E-EA47FC118284}
	EndProjectSection
EndProject
Project("{8BC9CEB8-8B4A-11D0-8D11-00A0C91BC942}") = "PACKAGE", "PACKAGE.vcxproj", "{76639573-B085-33E2-B17A-CC5D47086A76}"
	ProjectSection(ProjectDependencies) = postProject
		{22834AE1-7B79-3B5A-99C1-27C4A1E027FC} = {22834AE1-7B79-3B5A-99C1-27C4A1E027FC}
		{B1CDCD62-83F2-372A-860E-EA47FC118284} = {B1CDCD62-83F2-372A-860E-EA47FC118284}
	EndProjectSection
EndProject
Project("{8BC9CEB8-8B4A-11D0-8D11-00A0C91BC942}") = "RUN_TESTS", "RUN_TESTS.vcxproj", "{A3DD5B66-4CBD-3B2E-B261-A2D6F7251E24}"
	ProjectSection(ProjectDependencies) = postProject
		{B1CDCD62-83F2-372A-860E-EA47FC118284} = {B1CDCD62-83F2-372A-860E-EA47FC118284}
	EndProjectSection
EndProject
Project("{8BC9CEB8-8B4A-11D0-8D11-00A0C91BC942}") = "ZERO_CHECK", "ZERO_CHECK.vcxproj", "{B1CDCD62-83F2-372A-860E-EA47FC118284}"
	ProjectSection(ProjectDependencies) = postProject
	EndProjectSection
EndProject
Project("{8BC9CEB8-8B4A-11D0-8D11-00A0C91BC942}") = "eLut", "Half\eLut.vcxproj", "{9118316B-BA4A-3569-BC78-B41F1BA655CC}"
	ProjectSection(ProjectDependencies) = postProject
		{B1CDCD62-83F2-372A-860E-EA47FC118284} = {B1CDCD62-83F2-372A-860E-EA47FC118284}
	EndProjectSection
EndProject
Project("{8BC9CEB8-8B4A-11D0-8D11-00A0C91BC942}") = "toFloat", "Half\toFloat.vcxproj", "{E76C19C8-2889-3B4B-B7BC-0E46C9425C4C}"
	ProjectSection(ProjectDependencies) = postProject
		{B1CDCD62-83F2-372A-860E-EA47FC118284} = {B1CDCD62-83F2-372A-860E-EA47FC118284}
	EndProjectSection
EndProject
Global
	GlobalSection(SolutionConfigurationPlatforms) = preSolution
		Debug|x64 = Debug|x64
		Release|x64 = Release|x64
		MinSizeRel|x64 = MinSizeRel|x64
		RelWithDebInfo|x64 = RelWithDebInfo|x64
	EndGlobalSection
	GlobalSection(ProjectConfigurationPlatforms) = postSolution
		{22834AE1-7B79-3B5A-99C1-27C4A1E027FC}.Debug|x64.ActiveCfg = Debug|x64
		{22834AE1-7B79-3B5A-99C1-27C4A1E027FC}.Debug|x64.Build.0 = Debug|x64
		{22834AE1-7B79-3B5A-99C1-27C4A1E027FC}.Release|x64.ActiveCfg = Release|x64
		{22834AE1-7B79-3B5A-99C1-27C4A1E027FC}.Release|x64.Build.0 = Release|x64
		{22834AE1-7B79-3B5A-99C1-27C4A1E027FC}.MinSizeRel|x64.ActiveCfg = MinSizeRel|x64
		{22834AE1-7B79-3B5A-99C1-27C4A1E027FC}.MinSizeRel|x64.Build.0 = MinSizeRel|x64
		{22834AE1-7B79-3B5A-99C1-27C4A1E027FC}.RelWithDebInfo|x64.ActiveCfg = RelWithDebInfo|x64
		{22834AE1-7B79-3B5A-99C1-27C4A1E027FC}.RelWithDebInfo|x64.Build.0 = RelWithDebInfo|x64
		{2FC5441E-3689-32E5-9C01-E6E830C5DFA0}.Debug|x64.ActiveCfg = Debug|x64
		{2FC5441E-3689-32E5-9C01-E6E830C5DFA0}.Debug|x64.Build.0 = Debug|x64
		{2FC5441E-3689-32E5-9C01-E6E830C5DFA0}.Release|x64.ActiveCfg = Release|x64
		{2FC5441E-3689-32E5-9C01-E6E830C5DFA0}.Release|x64.Build.0 = Release|x64
		{2FC5441E-3689-32E5-9C01-E6E830C5DFA0}.MinSizeRel|x64.ActiveCfg = MinSizeRel|x64
		{2FC5441E-3689-32E5-9C01-E6E830C5DFA0}.MinSizeRel|x64.Build.0 = MinSizeRel|x64
		{2FC5441E-3689-32E5-9C01-E6E830C5DFA0}.RelWithDebInfo|x64.ActiveCfg = RelWithDebInfo|x64
		{2FC5441E-3689-32E5-9C01-E6E830C5DFA0}.RelWithDebInfo|x64.Build.0 = RelWithDebInfo|x64
		{5DB625B9-FA92-3752-988E-3F5FF9577F45}.Debug|x64.ActiveCfg = Debug|x64
		{5DB625B9-FA92-3752-988E-3F5FF9577F45}.Debug|x64.Build.0 = Debug|x64
		{5DB625B9-FA92-3752-988E-3F5FF9577F45}.Release|x64.ActiveCfg = Release|x64
		{5DB625B9-FA92-3752-988E-3F5FF9577F45}.Release|x64.Build.0 = Release|x64
		{5DB625B9-FA92-3752-988E-3F5FF9577F45}.MinSizeRel|x64.ActiveCfg = MinSizeRel|x64
		{5DB625B9-FA92-3752-988E-3F5FF9577F45}.MinSizeRel|x64.Build.0 = MinSizeRel|x64
		{5DB625B9-FA92-3752-988E-3F5FF9577F45}.RelWithDebInfo|x64.ActiveCfg = RelWithDebInfo|x64
		{5DB625B9-FA92-3752-988E-3F5FF9577F45}.RelWithDebInfo|x64.Build.0 = RelWithDebInfo|x64
		{FDC9AD1B-2C20-3719-9E5E-8B6EBB05EA32}.Debug|x64.ActiveCfg = Debug|x64
		{FDC9AD1B-2C20-3719-9E5E-8B6EBB05EA32}.Release|x64.ActiveCfg = Release|x64
		{FDC9AD1B-2C20-3719-9E5E-8B6EBB05EA32}.MinSizeRel|x64.ActiveCfg = MinSizeRel|x64
		{FDC9AD1B-2C20-3719-9E5E-8B6EBB05EA32}.RelWithDebInfo|x64.ActiveCfg = RelWithDebInfo|x64
		{773822D9-205B-3E75-AF3A-7DC495062562}.Debug|x64.ActiveCfg = Debug|x64
		{773822D9-205B-3E75-AF3A-7DC495062562}.Debug|x64.Build.0 = Debug|x64
		{773822D9-205B-3E75-AF3A-7DC495062562}.Release|x64.ActiveCfg = Release|x64
		{773822D9-205B-3E75-AF3A-7DC495062562}.Release|x64.Build.0 = Release|x64
		{773822D9-205B-3E75-AF3A-7DC495062562}.MinSizeRel|x64.ActiveCfg = MinSizeRel|x64
		{773822D9-205B-3E75-AF3A-7DC495062562}.MinSizeRel|x64.Build.0 = MinSizeRel|x64
		{773822D9-205B-3E75-AF3A-7DC495062562}.RelWithDebInfo|x64.ActiveCfg = RelWithDebInfo|x64
		{773822D9-205B-3E75-AF3A-7DC495062562}.RelWithDebInfo|x64.Build.0 = RelWithDebInfo|x64
		{74A50848-A813-3FFA-86B6-6DC30BE81845}.Debug|x64.ActiveCfg = Debug|x64
		{74A50848-A813-3FFA-86B6-6DC30BE81845}.Debug|x64.Build.0 = Debug|x64
		{74A50848-A813-3FFA-86B6-6DC30BE81845}.Release|x64.ActiveCfg = Release|x64
		{74A50848-A813-3FFA-86B6-6DC30BE81845}.Release|x64.Build.0 = Release|x64
		{74A50848-A813-3FFA-86B6-6DC30BE81845}.MinSizeRel|x64.ActiveCfg = MinSizeRel|x64
		{74A50848-A813-3FFA-86B6-6DC30BE81845}.MinSizeRel|x64.Build.0 = MinSizeRel|x64
		{74A50848-A813-3FFA-86B6-6DC30BE81845}.RelWithDebInfo|x64.ActiveCfg = RelWithDebInfo|x64
		{74A50848-A813-3FFA-86B6-6DC30BE81845}.RelWithDebInfo|x64.Build.0 = RelWithDebInfo|x64
		{2B766E19-BA5A-3851-BDD9-2BA21D94CE42}.Debug|x64.ActiveCfg = Debug|x64
		{2B766E19-BA5A-3851-BDD9-2BA21D94CE42}.Debug|x64.Build.0 = Debug|x64
		{2B766E19-BA5A-3851-BDD9-2BA21D94CE42}.Release|x64.ActiveCfg = Release|x64
		{2B766E19-BA5A-3851-BDD9-2BA21D94CE42}.Release|x64.Build.0 = Release|x64
		{2B766E19-BA5A-3851-BDD9-2BA21D94CE42}.MinSizeRel|x64.ActiveCfg = MinSizeRel|x64
		{2B766E19-BA5A-3851-BDD9-2BA21D94CE42}.MinSizeRel|x64.Build.0 = MinSizeRel|x64
		{2B766E19-BA5A-3851-BDD9-2BA21D94CE42}.RelWithDebInfo|x64.ActiveCfg = RelWithDebInfo|x64
		{2B766E19-BA5A-3851-BDD9-2BA21D94CE42}.RelWithDebInfo|x64.Build.0 = RelWithDebInfo|x64
		{457E8CC0-9C37-33BF-AA81-35154EF1CE9B}.Debug|x64.ActiveCfg = Debug|x64
		{457E8CC0-9C37-33BF-AA81-35154EF1CE9B}.Debug|x64.Build.0 = Debug|x64
		{457E8CC0-9C37-33BF-AA81-35154EF1CE9B}.Release|x64.ActiveCfg = Release|x64
		{457E8CC0-9C37-33BF-AA81-35154EF1CE9B}.Release|x64.Build.0 = Release|x64
		{457E8CC0-9C37-33BF-AA81-35154EF1CE9B}.MinSizeRel|x64.ActiveCfg = MinSizeRel|x64
		{457E8CC0-9C37-33BF-AA81-35154EF1CE9B}.MinSizeRel|x64.Build.0 = MinSizeRel|x64
		{457E8CC0-9C37-33BF-AA81-35154EF1CE9B}.RelWithDebInfo|x64.ActiveCfg = RelWithDebInfo|x64
		{457E8CC0-9C37-33BF-AA81-35154EF1CE9B}.RelWithDebInfo|x64.Build.0 = RelWithDebInfo|x64
		{8803F2E6-B7F7-33A7-B8B5-205772495843}.Debug|x64.ActiveCfg = Debug|x64
		{8803F2E6-B7F7-33A7-B8B5-205772495843}.Debug|x64.Build.0 = Debug|x64
		{8803F2E6-B7F7-33A7-B8B5-205772495843}.Release|x64.ActiveCfg = Release|x64
		{8803F2E6-B7F7-33A7-B8B5-205772495843}.Release|x64.Build.0 = Release|x64
		{8803F2E6-B7F7-33A7-B8B5-205772495843}.MinSizeRel|x64.ActiveCfg = MinSizeRel|x64
		{8803F2E6-B7F7-33A7-B8B5-205772495843}.MinSizeRel|x64.Build.0 = MinSizeRel|x64
		{8803F2E6-B7F7-33A7-B8B5-205772495843}.RelWithDebInfo|x64.ActiveCfg = RelWithDebInfo|x64
		{8803F2E6-B7F7-33A7-B8B5-205772495843}.RelWithDebInfo|x64.Build.0 = RelWithDebInfo|x64
		{89B59F4D-9C2A-3574-B329-5FDD3395D939}.Debug|x64.ActiveCfg = Debug|x64
		{89B59F4D-9C2A-3574-B329-5FDD3395D939}.Debug|x64.Build.0 = Debug|x64
		{89B59F4D-9C2A-3574-B329-5FDD3395D939}.Release|x64.ActiveCfg = Release|x64
		{89B59F4D-9C2A-3574-B329-5FDD3395D939}.Release|x64.Build.0 = Release|x64
		{89B59F4D-9C2A-3574-B329-5FDD3395D939}.MinSizeRel|x64.ActiveCfg = MinSizeRel|x64
		{89B59F4D-9C2A-3574-B329-5FDD3395D939}.MinSizeRel|x64.Build.0 = MinSizeRel|x64
		{89B59F4D-9C2A-3574-B329-5FDD3395D939}.RelWithDebInfo|x64.ActiveCfg = RelWithDebInfo|x64
		{89B59F4D-9C2A-3574-B329-5FDD3395D939}.RelWithDebInfo|x64.Build.0 = RelWithDebInfo|x64
		{76639573-B085-33E2-B17A-CC5D47086A76}.Debug|x64.ActiveCfg = Debug|x64
		{76639573-B085-33E2-B17A-CC5D47086A76}.Release|x64.ActiveCfg = Release|x64
		{76639573-B085-33E2-B17A-CC5D47086A76}.MinSizeRel|x64.ActiveCfg = MinSizeRel|x64
		{76639573-B085-33E2-B17A-CC5D47086A76}.RelWithDebInfo|x64.ActiveCfg = RelWithDebInfo|x64
		{A3DD5B66-4CBD-3B2E-B261-A2D6F7251E24}.Debug|x64.ActiveCfg = Debug|x64
		{A3DD5B66-4CBD-3B2E-B261-A2D6F7251E24}.Release|x64.ActiveCfg = Release|x64
		{A3DD5B66-4CBD-3B2E-B261-A2D6F7251E24}.MinSizeRel|x64.ActiveCfg = MinSizeRel|x64
		{A3DD5B66-4CBD-3B2E-B261-A2D6F7251E24}.RelWithDebInfo|x64.ActiveCfg = RelWithDebInfo|x64
		{B1CDCD62-83F2-372A-860E-EA47FC118284}.Debug|x64.ActiveCfg = Debug|x64
		{B1CDCD62-83F2-372A-860E-EA47FC118284}.Debug|x64.Build.0 = Debug|x64
		{B1CDCD62-83F2-372A-860E-EA47FC118284}.Release|x64.ActiveCfg = Release|x64
		{B1CDCD62-83F2-372A-860E-EA47FC118284}.Release|x64.Build.0 = Release|x64
		{B1CDCD62-83F2-372A-860E-EA47FC118284}.MinSizeRel|x64.ActiveCfg = MinSizeRel|x64
		{B1CDCD62-83F2-372A-860E-EA47FC118284}.MinSizeRel|x64.Build.0 = MinSizeRel|x64
		{B1CDCD62-83F2-372A-860E-EA47FC118284}.RelWithDebInfo|x64.ActiveCfg = RelWithDebInfo|x64
		{B1CDCD62-83F2-372A-860E-EA47FC118284}.RelWithDebInfo|x64.Build.0 = RelWithDebInfo|x64
		{9118316B-BA4A-3569-BC78-B41F1BA655CC}.Debug|x64.ActiveCfg = Debug|x64
		{9118316B-BA4A-3569-BC78-B41F1BA655CC}.Debug|x64.Build.0 = Debug|x64
		{9118316B-BA4A-3569-BC78-B41F1BA655CC}.Release|x64.ActiveCfg = Release|x64
		{9118316B-BA4A-3569-BC78-B41F1BA655CC}.Release|x64.Build.0 = Release|x64
		{9118316B-BA4A-3569-BC78-B41F1BA655CC}.MinSizeRel|x64.ActiveCfg = MinSizeRel|x64
		{9118316B-BA4A-3569-BC78-B41F1BA655CC}.MinSizeRel|x64.Build.0 = MinSizeRel|x64
		{9118316B-BA4A-3569-BC78-B41F1BA655CC}.RelWithDebInfo|x64.ActiveCfg = RelWithDebInfo|x64
		{9118316B-BA4A-3569-BC78-B41F1BA655CC}.RelWithDebInfo|x64.Build.0 = RelWithDebInfo|x64
		{E76C19C8-2889-3B4B-B7BC-0E46C9425C4C}.Debug|x64.ActiveCfg = Debug|x64
		{E76C19C8-2889-3B4B-B7BC-0E46C9425C4C}.Debug|x64.Build.0 = Debug|x64
		{E76C19C8-2889-3B4B-B7BC-0E46C9425C4C}.Release|x64.ActiveCfg = Release|x64
		{E76C19C8-2889-3B4B-B7BC-0E46C9425C4C}.Release|x64.Build.0 = Release|x64
		{E76C19C8-2889-3B4B-B7BC-0E46C9425C4C}.MinSizeRel|x64.ActiveCfg = MinSizeRel|x64
		{E76C19C8-2889-3B4B-B7BC-0E46C9425C4C}.MinSizeRel|x64.Build.0 = MinSizeRel|x64
		{E76C19C8-2889-3B4B-B7BC-0E46C9425C4C}.RelWithDebInfo|x64.ActiveCfg = RelWithDebInfo|x64
		{E76C19C8-2889-3B4B-B7BC-0E46C9425C4C}.RelWithDebInfo|x64.Build.0 = RelWithDebInfo|x64
	EndGlobalSection
	GlobalSection(ExtensibilityGlobals) = postSolution
	EndGlobalSection
	GlobalSection(ExtensibilityAddIns) = postSolution
	EndGlobalSection
EndGlobal
