<?xml version="1.0" encoding="UTF-8"?>
<Project ToolsVersion="12.0" xmlns="http://schemas.microsoft.com/developer/msbuild/2003">
  <ItemGroup>
    <ClCompile Include="C:\Users\teeerawat\Desktop\OpenEXR\openexr\OpenEXR\IlmImf\ImfAttribute.cpp">
      <Filter>Source Files</Filter>
    </ClCompile>
    <ClCompile Include="C:\Users\teeerawat\Desktop\OpenEXR\openexr\OpenEXR\IlmImf\ImfBoxAttribute.cpp">
      <Filter>Source Files</Filter>
    </ClCompile>
    <ClCompile Include="C:\Users\teeerawat\Desktop\OpenEXR\openexr\OpenEXR\IlmImf\ImfCRgbaFile.cpp">
      <Filter>Source Files</Filter>
    </ClCompile>
    <ClCompile Include="C:\Users\teeerawat\Desktop\OpenEXR\openexr\OpenEXR\IlmImf\ImfChannelList.cpp">
      <Filter>Source Files</Filter>
    </ClCompile>
    <ClCompile Include="C:\Users\teeerawat\Desktop\OpenEXR\openexr\OpenEXR\IlmImf\ImfChannelListAttribute.cpp">
      <Filter>Source Files</Filter>
    </ClCompile>
    <ClCompile Include="C:\Users\teeerawat\Desktop\OpenEXR\openexr\OpenEXR\IlmImf\ImfFloatAttribute.cpp">
      <Filter>Source Files</Filter>
    </ClCompile>
    <ClCompile Include="C:\Users\teeerawat\Desktop\OpenEXR\openexr\OpenEXR\IlmImf\ImfFrameBuffer.cpp">
      <Filter>Source Files</Filter>
    </ClCompile>
    <ClCompile Include="C:\Users\teeerawat\Desktop\OpenEXR\openexr\OpenEXR\IlmImf\ImfHeader.cpp">
      <Filter>Source Files</Filter>
    </ClCompile>
    <ClCompile Include="C:\Users\teeerawat\Desktop\OpenEXR\openexr\OpenEXR\IlmImf\ImfIO.cpp">
      <Filter>Source Files</Filter>
    </ClCompile>
    <ClCompile Include="C:\Users\teeerawat\Desktop\OpenEXR\openexr\OpenEXR\IlmImf\ImfInputFile.cpp">
      <Filter>Source Files</Filter>
    </ClCompile>
    <ClCompile Include="C:\Users\teeerawat\Desktop\OpenEXR\openexr\OpenEXR\IlmImf\ImfIntAttribute.cpp">
      <Filter>Source Files</Filter>
    </ClCompile>
    <ClCompile Include="C:\Users\teeerawat\Desktop\OpenEXR\openexr\OpenEXR\IlmImf\ImfLineOrderAttribute.cpp">
      <Filter>Source Files</Filter>
    </ClCompile>
    <ClCompile Include="C:\Users\teeerawat\Desktop\OpenEXR\openexr\OpenEXR\IlmImf\ImfMatrixAttribute.cpp">
      <Filter>Source Files</Filter>
    </ClCompile>
    <ClCompile Include="C:\Users\teeerawat\Desktop\OpenEXR\openexr\OpenEXR\IlmImf\ImfOpaqueAttribute.cpp">
      <Filter>Source Files</Filter>
    </ClCompile>
    <ClCompile Include="C:\Users\teeerawat\Desktop\OpenEXR\openexr\OpenEXR\IlmImf\ImfOutputFile.cpp">
      <Filter>Source Files</Filter>
    </ClCompile>
    <ClCompile Include="C:\Users\teeerawat\Desktop\OpenEXR\openexr\OpenEXR\IlmImf\ImfRgbaFile.cpp">
      <Filter>Source Files</Filter>
    </ClCompile>
    <ClCompile Include="C:\Users\teeerawat\Desktop\OpenEXR\openexr\OpenEXR\IlmImf\ImfStringAttribute.cpp">
      <Filter>Source Files</Filter>
    </ClCompile>
    <ClCompile Include="C:\Users\teeerawat\Desktop\OpenEXR\openexr\OpenEXR\IlmImf\ImfVecAttribute.cpp">
      <Filter>Source Files</Filter>
    </ClCompile>
    <ClCompile Include="C:\Users\teeerawat\Desktop\OpenEXR\openexr\OpenEXR\IlmImf\ImfHuf.cpp">
      <Filter>Source Files</Filter>
    </ClCompile>
    <ClCompile Include="C:\Users\teeerawat\Desktop\OpenEXR\openexr\OpenEXR\IlmImf\ImfThreading.cpp">
      <Filter>Source Files</Filter>
    </ClCompile>
    <ClCompile Include="C:\Users\teeerawat\Desktop\OpenEXR\openexr\OpenEXR\IlmImf\ImfWav.cpp">
      <Filter>Source Files</Filter>
    </ClCompile>
    <ClCompile Include="C:\Users\teeerawat\Desktop\OpenEXR\openexr\OpenEXR\IlmImf\ImfLut.cpp">
      <Filter>Source Files</Filter>
    </ClCompile>
    <ClCompile Include="C:\Users\teeerawat\Desktop\OpenEXR\openexr\OpenEXR\IlmImf\ImfCompressor.cpp">
      <Filter>Source Files</Filter>
    </ClCompile>
    <ClCompile Include="C:\Users\teeerawat\Desktop\OpenEXR\openexr\OpenEXR\IlmImf\ImfRleCompressor.cpp">
      <Filter>Source Files</Filter>
    </ClCompile>
    <ClCompile Include="C:\Users\teeerawat\Desktop\OpenEXR\openexr\OpenEXR\IlmImf\ImfZipCompressor.cpp">
      <Filter>Source Files</Filter>
    </ClCompile>
    <ClCompile Include="C:\Users\teeerawat\Desktop\OpenEXR\openexr\OpenEXR\IlmImf\ImfPizCompressor.cpp">
      <Filter>Source Files</Filter>
    </ClCompile>
    <ClCompile Include="C:\Users\teeerawat\Desktop\OpenEXR\openexr\OpenEXR\IlmImf\ImfB44Compressor.cpp">
      <Filter>Source Files</Filter>
    </ClCompile>
    <ClCompile Include="C:\Users\teeerawat\Desktop\OpenEXR\openexr\OpenEXR\IlmImf\ImfDwaCompressor.cpp">
      <Filter>Source Files</Filter>
    </ClCompile>
    <ClCompile Include="C:\Users\teeerawat\Desktop\OpenEXR\openexr\OpenEXR\IlmImf\ImfMisc.cpp">
      <Filter>Source Files</Filter>
    </ClCompile>
    <ClCompile Include="C:\Users\teeerawat\Desktop\OpenEXR\openexr\OpenEXR\IlmImf\ImfCompressionAttribute.cpp">
      <Filter>Source Files</Filter>
    </ClCompile>
    <ClCompile Include="C:\Users\teeerawat\Desktop\OpenEXR\openexr\OpenEXR\IlmImf\ImfDoubleAttribute.cpp">
      <Filter>Source Files</Filter>
    </ClCompile>
    <ClCompile Include="C:\Users\teeerawat\Desktop\OpenEXR\openexr\OpenEXR\IlmImf\ImfConvert.cpp">
      <Filter>Source Files</Filter>
    </ClCompile>
    <ClCompile Include="C:\Users\teeerawat\Desktop\OpenEXR\openexr\OpenEXR\IlmImf\ImfPreviewImage.cpp">
      <Filter>Source Files</Filter>
    </ClCompile>
    <ClCompile Include="C:\Users\teeerawat\Desktop\OpenEXR\openexr\OpenEXR\IlmImf\ImfPreviewImageAttribute.cpp">
      <Filter>Source Files</Filter>
    </ClCompile>
    <ClCompile Include="C:\Users\teeerawat\Desktop\OpenEXR\openexr\OpenEXR\IlmImf\ImfVersion.cpp">
      <Filter>Source Files</Filter>
    </ClCompile>
    <ClCompile Include="C:\Users\teeerawat\Desktop\OpenEXR\openexr\OpenEXR\IlmImf\ImfChromaticities.cpp">
      <Filter>Source Files</Filter>
    </ClCompile>
    <ClCompile Include="C:\Users\teeerawat\Desktop\OpenEXR\openexr\OpenEXR\IlmImf\ImfChromaticitiesAttribute.cpp">
      <Filter>Source Files</Filter>
    </ClCompile>
    <ClCompile Include="C:\Users\teeerawat\Desktop\OpenEXR\openexr\OpenEXR\IlmImf\ImfKeyCode.cpp">
      <Filter>Source Files</Filter>
    </ClCompile>
    <ClCompile Include="C:\Users\teeerawat\Desktop\OpenEXR\openexr\OpenEXR\IlmImf\ImfKeyCodeAttribute.cpp">
      <Filter>Source Files</Filter>
    </ClCompile>
    <ClCompile Include="C:\Users\teeerawat\Desktop\OpenEXR\openexr\OpenEXR\IlmImf\ImfTimeCode.cpp">
      <Filter>Source Files</Filter>
    </ClCompile>
    <ClCompile Include="C:\Users\teeerawat\Desktop\OpenEXR\openexr\OpenEXR\IlmImf\ImfTimeCodeAttribute.cpp">
      <Filter>Source Files</Filter>
    </ClCompile>
    <ClCompile Include="C:\Users\teeerawat\Desktop\OpenEXR\openexr\OpenEXR\IlmImf\ImfRational.cpp">
      <Filter>Source Files</Filter>
    </ClCompile>
    <ClCompile Include="C:\Users\teeerawat\Desktop\OpenEXR\openexr\OpenEXR\IlmImf\ImfRationalAttribute.cpp">
      <Filter>Source Files</Filter>
    </ClCompile>
    <ClCompile Include="C:\Users\teeerawat\Desktop\OpenEXR\openexr\OpenEXR\IlmImf\ImfFramesPerSecond.cpp">
      <Filter>Source Files</Filter>
    </ClCompile>
    <ClCompile Include="C:\Users\teeerawat\Desktop\OpenEXR\openexr\OpenEXR\IlmImf\ImfStandardAttributes.cpp">
      <Filter>Source Files</Filter>
    </ClCompile>
    <ClCompile Include="C:\Users\teeerawat\Desktop\OpenEXR\openexr\OpenEXR\IlmImf\ImfStdIO.cpp">
      <Filter>Source Files</Filter>
    </ClCompile>
    <ClCompile Include="C:\Users\teeerawat\Desktop\OpenEXR\openexr\OpenEXR\IlmImf\ImfEnvmap.cpp">
      <Filter>Source Files</Filter>
    </ClCompile>
    <ClCompile Include="C:\Users\teeerawat\Desktop\OpenEXR\openexr\OpenEXR\IlmImf\ImfEnvmapAttribute.cpp">
      <Filter>Source Files</Filter>
    </ClCompile>
    <ClCompile Include="C:\Users\teeerawat\Desktop\OpenEXR\openexr\OpenEXR\IlmImf\ImfScanLineInputFile.cpp">
      <Filter>Source Files</Filter>
    </ClCompile>
    <ClCompile Include="C:\Users\teeerawat\Desktop\OpenEXR\openexr\OpenEXR\IlmImf\ImfTiledInputFile.cpp">
      <Filter>Source Files</Filter>
    </ClCompile>
    <ClCompile Include="C:\Users\teeerawat\Desktop\OpenEXR\openexr\OpenEXR\IlmImf\ImfTiledMisc.cpp">
      <Filter>Source Files</Filter>
    </ClCompile>
    <ClCompile Include="C:\Users\teeerawat\Desktop\OpenEXR\openexr\OpenEXR\IlmImf\ImfTiledOutputFile.cpp">
      <Filter>Source Files</Filter>
    </ClCompile>
    <ClCompile Include="C:\Users\teeerawat\Desktop\OpenEXR\openexr\OpenEXR\IlmImf\ImfTiledRgbaFile.cpp">
      <Filter>Source Files</Filter>
    </ClCompile>
    <ClCompile Include="C:\Users\teeerawat\Desktop\OpenEXR\openexr\OpenEXR\IlmImf\ImfTileDescriptionAttribute.cpp">
      <Filter>Source Files</Filter>
    </ClCompile>
    <ClCompile Include="C:\Users\teeerawat\Desktop\OpenEXR\openexr\OpenEXR\IlmImf\ImfTileOffsets.cpp">
      <Filter>Source Files</Filter>
    </ClCompile>
    <ClCompile Include="C:\Users\teeerawat\Desktop\OpenEXR\openexr\OpenEXR\IlmImf\ImfRgbaYca.cpp">
      <Filter>Source Files</Filter>
    </ClCompile>
    <ClCompile Include="C:\Users\teeerawat\Desktop\OpenEXR\openexr\OpenEXR\IlmImf\ImfPxr24Compressor.cpp">
      <Filter>Source Files</Filter>
    </ClCompile>
    <ClCompile Include="C:\Users\teeerawat\Desktop\OpenEXR\openexr\OpenEXR\IlmImf\ImfTestFile.cpp">
      <Filter>Source Files</Filter>
    </ClCompile>
    <ClCompile Include="C:\Users\teeerawat\Desktop\OpenEXR\openexr\OpenEXR\IlmImf\ImfStringVectorAttribute.cpp">
      <Filter>Source Files</Filter>
    </ClCompile>
    <ClCompile Include="C:\Users\teeerawat\Desktop\OpenEXR\openexr\OpenEXR\IlmImf\ImfMultiView.cpp">
      <Filter>Source Files</Filter>
    </ClCompile>
    <ClCompile Include="C:\Users\teeerawat\Desktop\OpenEXR\openexr\OpenEXR\IlmImf\ImfAcesFile.cpp">
      <Filter>Source Files</Filter>
    </ClCompile>
    <ClCompile Include="C:\Users\teeerawat\Desktop\OpenEXR\openexr\OpenEXR\IlmImf\ImfMultiPartOutputFile.cpp">
      <Filter>Source Files</Filter>
    </ClCompile>
    <ClCompile Include="C:\Users\teeerawat\Desktop\OpenEXR\openexr\OpenEXR\IlmImf\ImfGenericOutputFile.cpp">
      <Filter>Source Files</Filter>
    </ClCompile>
    <ClCompile Include="C:\Users\teeerawat\Desktop\OpenEXR\openexr\OpenEXR\IlmImf\ImfOutputPartData.cpp">
      <Filter>Source Files</Filter>
    </ClCompile>
    <ClCompile Include="C:\Users\teeerawat\Desktop\OpenEXR\openexr\OpenEXR\IlmImf\ImfMultiPartInputFile.cpp">
      <Filter>Source Files</Filter>
    </ClCompile>
    <ClCompile Include="C:\Users\teeerawat\Desktop\OpenEXR\openexr\OpenEXR\IlmImf\ImfGenericInputFile.cpp">
      <Filter>Source Files</Filter>
    </ClCompile>
    <ClCompile Include="C:\Users\teeerawat\Desktop\OpenEXR\openexr\OpenEXR\IlmImf\ImfPartType.cpp">
      <Filter>Source Files</Filter>
    </ClCompile>
    <ClCompile Include="C:\Users\teeerawat\Desktop\OpenEXR\openexr\OpenEXR\IlmImf\ImfInputPartData.cpp">
      <Filter>Source Files</Filter>
    </ClCompile>
    <ClCompile Include="C:\Users\teeerawat\Desktop\OpenEXR\openexr\OpenEXR\IlmImf\ImfOutputPart.cpp">
      <Filter>Source Files</Filter>
    </ClCompile>
    <ClCompile Include="C:\Users\teeerawat\Desktop\OpenEXR\openexr\OpenEXR\IlmImf\ImfTiledOutputPart.cpp">
      <Filter>Source Files</Filter>
    </ClCompile>
    <ClCompile Include="C:\Users\teeerawat\Desktop\OpenEXR\openexr\OpenEXR\IlmImf\ImfInputPart.cpp">
      <Filter>Source Files</Filter>
    </ClCompile>
    <ClCompile Include="C:\Users\teeerawat\Desktop\OpenEXR\openexr\OpenEXR\IlmImf\ImfTiledInputPart.cpp">
      <Filter>Source Files</Filter>
    </ClCompile>
    <ClCompile Include="C:\Users\teeerawat\Desktop\OpenEXR\openexr\OpenEXR\IlmImf\ImfDeepScanLineInputPart.cpp">
      <Filter>Source Files</Filter>
    </ClCompile>
    <ClCompile Include="C:\Users\teeerawat\Desktop\OpenEXR\openexr\OpenEXR\IlmImf\ImfDeepScanLineOutputPart.cpp">
      <Filter>Source Files</Filter>
    </ClCompile>
    <ClCompile Include="C:\Users\teeerawat\Desktop\OpenEXR\openexr\OpenEXR\IlmImf\ImfDeepScanLineInputFile.cpp">
      <Filter>Source Files</Filter>
    </ClCompile>
    <ClCompile Include="C:\Users\teeerawat\Desktop\OpenEXR\openexr\OpenEXR\IlmImf\ImfDeepScanLineOutputFile.cpp">
      <Filter>Source Files</Filter>
    </ClCompile>
    <ClCompile Include="C:\Users\teeerawat\Desktop\OpenEXR\openexr\OpenEXR\IlmImf\ImfDeepTiledInputPart.cpp">
      <Filter>Source Files</Filter>
    </ClCompile>
    <ClCompile Include="C:\Users\teeerawat\Desktop\OpenEXR\openexr\OpenEXR\IlmImf\ImfDeepTiledOutputPart.cpp">
      <Filter>Source Files</Filter>
    </ClCompile>
    <ClCompile Include="C:\Users\teeerawat\Desktop\OpenEXR\openexr\OpenEXR\IlmImf\ImfDeepTiledInputFile.cpp">
      <Filter>Source Files</Filter>
    </ClCompile>
    <ClCompile Include="C:\Users\teeerawat\Desktop\OpenEXR\openexr\OpenEXR\IlmImf\ImfDeepTiledOutputFile.cpp">
      <Filter>Source Files</Filter>
    </ClCompile>
    <ClCompile Include="C:\Users\teeerawat\Desktop\OpenEXR\openexr\OpenEXR\IlmImf\ImfDeepFrameBuffer.cpp">
      <Filter>Source Files</Filter>
    </ClCompile>
    <ClCompile Include="C:\Users\teeerawat\Desktop\OpenEXR\openexr\OpenEXR\IlmImf\ImfDeepCompositing.cpp">
      <Filter>Source Files</Filter>
    </ClCompile>
    <ClCompile Include="C:\Users\teeerawat\Desktop\OpenEXR\openexr\OpenEXR\IlmImf\ImfCompositeDeepScanLine.cpp">
      <Filter>Source Files</Filter>
    </ClCompile>
    <ClCompile Include="C:\Users\teeerawat\Desktop\OpenEXR\openexr\OpenEXR\IlmImf\ImfDeepImageStateAttribute.cpp">
      <Filter>Source Files</Filter>
    </ClCompile>
    <ClCompile Include="C:\Users\teeerawat\Desktop\OpenEXR\openexr\OpenEXR\IlmImf\ImfFastHuf.cpp">
      <Filter>Source Files</Filter>
    </ClCompile>
    <ClCompile Include="C:\Users\teeerawat\Desktop\OpenEXR\openexr\OpenEXR\IlmImf\ImfFloatVectorAttribute.cpp">
      <Filter>Source Files</Filter>
    </ClCompile>
    <ClCompile Include="C:\Users\teeerawat\Desktop\OpenEXR\openexr\OpenEXR\IlmImf\ImfRle.cpp">
      <Filter>Source Files</Filter>
    </ClCompile>
    <ClCompile Include="C:\Users\teeerawat\Desktop\OpenEXR\openexr\OpenEXR\IlmImf\ImfSystemSpecific.cpp">
      <Filter>Source Files</Filter>
    </ClCompile>
    <ClCompile Include="C:\Users\teeerawat\Desktop\OpenEXR\openexr\OpenEXR\IlmImf\ImfZip.cpp">
      <Filter>Source Files</Filter>
    </ClCompile>
  </ItemGroup>
  <ItemGroup>
    <CustomBuild Include="C:\Users\teeerawat\Desktop\OpenEXR\openexr\OpenEXR\IlmImf\CMakeLists.txt" />
    <CustomBuild Include="C:\Users\teeerawat\Desktop\OpenEXR\openexr\OpenEXR\CMakeFiles\8188145a8f96c175df9a738236b30b58\b44ExpLogTable.h.rule">
      <Filter>CMake Rules</Filter>
    </CustomBuild>
    <CustomBuild Include="C:\Users\teeerawat\Desktop\OpenEXR\openexr\OpenEXR\CMakeFiles\8188145a8f96c175df9a738236b30b58\dwaLookups.h.rule">
      <Filter>CMake Rules</Filter>
    </CustomBuild>
  </ItemGroup>
  <ItemGroup>
    <Filter Include="Source Files">
      <UniqueIdentifier>{62295936-72ED-3E52-80BD-69F60E9BE136}</UniqueIdentifier>
    </Filter>
    <Filter Include="CMake Rules">
      <UniqueIdentifier>{07DA4A86-8C37-3068-A858-939EC1A21DA0}</UniqueIdentifier>
    </Filter>
  </ItemGroup>
</Project>
