Microsoft Visual Studio Solution File, Format Version 12.00
# Visual Studio 2013
Project("{8BC9CEB8-8B4A-11D0-8D11-00A0C91BC942}") = "ALL_BUILD", "ALL_BUILD.vcxproj", "{88596D44-34AB-3E6A-A241-F94F6D8B3078}"
	ProjectSection(ProjectDependencies) = postProject
		{67147D0D-2E4B-378E-BBCB-1C424DC65B7F} = {67147D0D-2E4B-378E-BBCB-1C424DC65B7F}
		{197F08EC-9EBE-36D5-B344-579ED6203A6F} = {197F08EC-9EBE-36D5-B344-579ED6203A6F}
		{32B2C23F-A749-3AA1-B975-54A7A75F8DCF} = {32B2C23F-A749-3AA1-B975-54A7A75F8DCF}
		{A7828D92-DC64-3AF7-A43E-36F5E5594A19} = {A7828D92-DC64-3AF7-A43E-36F5E5594A19}
		{FB1EA0EE-71DF-38B8-8F1D-2CFEB7C696B3} = {FB1EA0EE-71DF-38B8-8F1D-2CFEB7C696B3}
		{DCD1292D-4629-3426-94A6-DB39088CB067} = {DCD1292D-4629-3426-94A6-DB39088CB067}
		{CC898E07-42FE-335C-A29D-F45FD12C09F9} = {CC898E07-42FE-335C-A29D-F45FD12C09F9}
		{80A2BAFD-F93C-3ECC-9654-71130F805005} = {80A2BAFD-F93C-3ECC-9654-71130F805005}
		{7C9BAA0A-173D-33AE-824E-AC9C24025742} = {7C9BAA0A-173D-33AE-824E-AC9C24025742}
		{4275E882-6AB7-3ED7-9A0F-544AFB1ED3AD} = {4275E882-6AB7-3ED7-9A0F-544AFB1ED3AD}
		{AA8C7A49-5F34-328E-AB84-29FB7999DD2E} = {AA8C7A49-5F34-328E-AB84-29FB7999DD2E}
		{C517825C-6791-3A15-842B-F812EE27FE25} = {C517825C-6791-3A15-842B-F812EE27FE25}
		{4DC0D027-80FC-3F34-A7DD-2DAC26FA45D5} = {4DC0D027-80FC-3F34-A7DD-2DAC26FA45D5}
		{C390E066-8BB6-3399-A3E1-184F84DDBEA9} = {C390E066-8BB6-3399-A3E1-184F84DDBEA9}
		{EB043F7D-720B-337F-9E02-7A36D4B02A23} = {EB043F7D-720B-337F-9E02-7A36D4B02A23}
		{D92CD151-6D37-35A4-9C8A-7D114EA0E4F3} = {D92CD151-6D37-35A4-9C8A-7D114EA0E4F3}
	EndProjectSection
EndProject
Project("{8BC9CEB8-8B4A-11D0-8D11-00A0C91BC942}") = "INSTALL", "INSTALL.vcxproj", "{BBB5AB97-72FE-3D7A-9295-903221BC36AD}"
	ProjectSection(ProjectDependencies) = postProject
		{88596D44-34AB-3E6A-A241-F94F6D8B3078} = {88596D44-34AB-3E6A-A241-F94F6D8B3078}
		{CC898E07-42FE-335C-A29D-F45FD12C09F9} = {CC898E07-42FE-335C-A29D-F45FD12C09F9}
	EndProjectSection
EndProject
Project("{8BC9CEB8-8B4A-11D0-8D11-00A0C91BC942}") = "IlmImf", "IlmImf\IlmImf.vcxproj", "{67147D0D-2E4B-378E-BBCB-1C424DC65B7F}"
	ProjectSection(ProjectDependencies) = postProject
		{CC898E07-42FE-335C-A29D-F45FD12C09F9} = {CC898E07-42FE-335C-A29D-F45FD12C09F9}
		{80A2BAFD-F93C-3ECC-9654-71130F805005} = {80A2BAFD-F93C-3ECC-9654-71130F805005}
		{7C9BAA0A-173D-33AE-824E-AC9C24025742} = {7C9BAA0A-173D-33AE-824E-AC9C24025742}
	EndProjectSection
EndProject
Project("{8BC9CEB8-8B4A-11D0-8D11-00A0C91BC942}") = "IlmImfExamples", "IlmImfExamples\IlmImfExamples.vcxproj", "{197F08EC-9EBE-36D5-B344-579ED6203A6F}"
	ProjectSection(ProjectDependencies) = postProject
		{67147D0D-2E4B-378E-BBCB-1C424DC65B7F} = {67147D0D-2E4B-378E-BBCB-1C424DC65B7F}
		{CC898E07-42FE-335C-A29D-F45FD12C09F9} = {CC898E07-42FE-335C-A29D-F45FD12C09F9}
	EndProjectSection
EndProject
Project("{8BC9CEB8-8B4A-11D0-8D11-00A0C91BC942}") = "IlmImfFuzzTest", "IlmImfFuzzTest\IlmImfFuzzTest.vcxproj", "{32B2C23F-A749-3AA1-B975-54A7A75F8DCF}"
	ProjectSection(ProjectDependencies) = postProject
		{67147D0D-2E4B-378E-BBCB-1C424DC65B7F} = {67147D0D-2E4B-378E-BBCB-1C424DC65B7F}
		{CC898E07-42FE-335C-A29D-F45FD12C09F9} = {CC898E07-42FE-335C-A29D-F45FD12C09F9}
	EndProjectSection
EndProject
Project("{8BC9CEB8-8B4A-11D0-8D11-00A0C91BC942}") = "IlmImfTest", "IlmImfTest\IlmImfTest.vcxproj", "{A7828D92-DC64-3AF7-A43E-36F5E5594A19}"
	ProjectSection(ProjectDependencies) = postProject
		{67147D0D-2E4B-378E-BBCB-1C424DC65B7F} = {67147D0D-2E4B-378E-BBCB-1C424DC65B7F}
		{CC898E07-42FE-335C-A29D-F45FD12C09F9} = {CC898E07-42FE-335C-A29D-F45FD12C09F9}
	EndProjectSection
EndProject
Project("{8BC9CEB8-8B4A-11D0-8D11-00A0C91BC942}") = "IlmImfUtil", "IlmImfUtil\IlmImfUtil.vcxproj", "{FB1EA0EE-71DF-38B8-8F1D-2CFEB7C696B3}"
	ProjectSection(ProjectDependencies) = postProject
		{67147D0D-2E4B-378E-BBCB-1C424DC65B7F} = {67147D0D-2E4B-378E-BBCB-1C424DC65B7F}
		{CC898E07-42FE-335C-A29D-F45FD12C09F9} = {CC898E07-42FE-335C-A29D-F45FD12C09F9}
	EndProjectSection
EndProject
Project("{8BC9CEB8-8B4A-11D0-8D11-00A0C91BC942}") = "IlmImfUtilTest", "IlmImfUtilTest\IlmImfUtilTest.vcxproj", "{DCD1292D-4629-3426-94A6-DB39088CB067}"
	ProjectSection(ProjectDependencies) = postProject
		{67147D0D-2E4B-378E-BBCB-1C424DC65B7F} = {67147D0D-2E4B-378E-BBCB-1C424DC65B7F}
		{FB1EA0EE-71DF-38B8-8F1D-2CFEB7C696B3} = {FB1EA0EE-71DF-38B8-8F1D-2CFEB7C696B3}
		{CC898E07-42FE-335C-A29D-F45FD12C09F9} = {CC898E07-42FE-335C-A29D-F45FD12C09F9}
	EndProjectSection
EndProject
Project("{8BC9CEB8-8B4A-11D0-8D11-00A0C91BC942}") = "PACKAGE", "PACKAGE.vcxproj", "{24D4987C-6BCA-39F4-BF7D-B84758E743E1}"
	ProjectSection(ProjectDependencies) = postProject
		{88596D44-34AB-3E6A-A241-F94F6D8B3078} = {88596D44-34AB-3E6A-A241-F94F6D8B3078}
		{CC898E07-42FE-335C-A29D-F45FD12C09F9} = {CC898E07-42FE-335C-A29D-F45FD12C09F9}
	EndProjectSection
EndProject
Project("{8BC9CEB8-8B4A-11D0-8D11-00A0C91BC942}") = "RUN_TESTS", "RUN_TESTS.vcxproj", "{70D8A8CD-6AE4-3F79-8893-D1B68716A3E2}"
	ProjectSection(ProjectDependencies) = postProject
		{CC898E07-42FE-335C-A29D-F45FD12C09F9} = {CC898E07-42FE-335C-A29D-F45FD12C09F9}
	EndProjectSection
EndProject
Project("{8BC9CEB8-8B4A-11D0-8D11-00A0C91BC942}") = "ZERO_CHECK", "ZERO_CHECK.vcxproj", "{CC898E07-42FE-335C-A29D-F45FD12C09F9}"
	ProjectSection(ProjectDependencies) = postProject
	EndProjectSection
EndProject
Project("{8BC9CEB8-8B4A-11D0-8D11-00A0C91BC942}") = "b44ExpLogTable", "IlmImf\b44ExpLogTable.vcxproj", "{80A2BAFD-F93C-3ECC-9654-71130F805005}"
	ProjectSection(ProjectDependencies) = postProject
		{CC898E07-42FE-335C-A29D-F45FD12C09F9} = {CC898E07-42FE-335C-A29D-F45FD12C09F9}
	EndProjectSection
EndProject
Project("{8BC9CEB8-8B4A-11D0-8D11-00A0C91BC942}") = "dwaLookups", "IlmImf\dwaLookups.vcxproj", "{7C9BAA0A-173D-33AE-824E-AC9C24025742}"
	ProjectSection(ProjectDependencies) = postProject
		{CC898E07-42FE-335C-A29D-F45FD12C09F9} = {CC898E07-42FE-335C-A29D-F45FD12C09F9}
	EndProjectSection
EndProject
Project("{8BC9CEB8-8B4A-11D0-8D11-00A0C91BC942}") = "exrenvmap", "exrenvmap\exrenvmap.vcxproj", "{4275E882-6AB7-3ED7-9A0F-544AFB1ED3AD}"
	ProjectSection(ProjectDependencies) = postProject
		{67147D0D-2E4B-378E-BBCB-1C424DC65B7F} = {67147D0D-2E4B-378E-BBCB-1C424DC65B7F}
		{CC898E07-42FE-335C-A29D-F45FD12C09F9} = {CC898E07-42FE-335C-A29D-F45FD12C09F9}
	EndProjectSection
EndProject
Project("{8BC9CEB8-8B4A-11D0-8D11-00A0C91BC942}") = "exrheader", "exrheader\exrheader.vcxproj", "{AA8C7A49-5F34-328E-AB84-29FB7999DD2E}"
	ProjectSection(ProjectDependencies) = postProject
		{67147D0D-2E4B-378E-BBCB-1C424DC65B7F} = {67147D0D-2E4B-378E-BBCB-1C424DC65B7F}
		{CC898E07-42FE-335C-A29D-F45FD12C09F9} = {CC898E07-42FE-335C-A29D-F45FD12C09F9}
	EndProjectSection
EndProject
Project("{8BC9CEB8-8B4A-11D0-8D11-00A0C91BC942}") = "exrmakepreview", "exrmakepreview\exrmakepreview.vcxproj", "{C517825C-6791-3A15-842B-F812EE27FE25}"
	ProjectSection(ProjectDependencies) = postProject
		{67147D0D-2E4B-378E-BBCB-1C424DC65B7F} = {67147D0D-2E4B-378E-BBCB-1C424DC65B7F}
		{CC898E07-42FE-335C-A29D-F45FD12C09F9} = {CC898E07-42FE-335C-A29D-F45FD12C09F9}
	EndProjectSection
EndProject
Project("{8BC9CEB8-8B4A-11D0-8D11-00A0C91BC942}") = "exrmaketiled", "exrmaketiled\exrmaketiled.vcxproj", "{4DC0D027-80FC-3F34-A7DD-2DAC26FA45D5}"
	ProjectSection(ProjectDependencies) = postProject
		{67147D0D-2E4B-378E-BBCB-1C424DC65B7F} = {67147D0D-2E4B-378E-BBCB-1C424DC65B7F}
		{CC898E07-42FE-335C-A29D-F45FD12C09F9} = {CC898E07-42FE-335C-A29D-F45FD12C09F9}
	EndProjectSection
EndProject
Project("{8BC9CEB8-8B4A-11D0-8D11-00A0C91BC942}") = "exrmultipart", "exrmultipart\exrmultipart.vcxproj", "{C390E066-8BB6-3399-A3E1-184F84DDBEA9}"
	ProjectSection(ProjectDependencies) = postProject
		{67147D0D-2E4B-378E-BBCB-1C424DC65B7F} = {67147D0D-2E4B-378E-BBCB-1C424DC65B7F}
		{CC898E07-42FE-335C-A29D-F45FD12C09F9} = {CC898E07-42FE-335C-A29D-F45FD12C09F9}
	EndProjectSection
EndProject
Project("{8BC9CEB8-8B4A-11D0-8D11-00A0C91BC942}") = "exrmultiview", "exrmultiview\exrmultiview.vcxproj", "{EB043F7D-720B-337F-9E02-7A36D4B02A23}"
	ProjectSection(ProjectDependencies) = postProject
		{67147D0D-2E4B-378E-BBCB-1C424DC65B7F} = {67147D0D-2E4B-378E-BBCB-1C424DC65B7F}
		{CC898E07-42FE-335C-A29D-F45FD12C09F9} = {CC898E07-42FE-335C-A29D-F45FD12C09F9}
	EndProjectSection
EndProject
Project("{8BC9CEB8-8B4A-11D0-8D11-00A0C91BC942}") = "exrstdattr", "exrstdattr\exrstdattr.vcxproj", "{D92CD151-6D37-35A4-9C8A-7D114EA0E4F3}"
	ProjectSection(ProjectDependencies) = postProject
		{67147D0D-2E4B-378E-BBCB-1C424DC65B7F} = {67147D0D-2E4B-378E-BBCB-1C424DC65B7F}
		{CC898E07-42FE-335C-A29D-F45FD12C09F9} = {CC898E07-42FE-335C-A29D-F45FD12C09F9}
	EndProjectSection
EndProject
Global
	GlobalSection(SolutionConfigurationPlatforms) = preSolution
		Debug|x64 = Debug|x64
		Release|x64 = Release|x64
		MinSizeRel|x64 = MinSizeRel|x64
		RelWithDebInfo|x64 = RelWithDebInfo|x64
	EndGlobalSection
	GlobalSection(ProjectConfigurationPlatforms) = postSolution
		{88596D44-34AB-3E6A-A241-F94F6D8B3078}.Debug|x64.ActiveCfg = Debug|x64
		{88596D44-34AB-3E6A-A241-F94F6D8B3078}.Debug|x64.Build.0 = Debug|x64
		{88596D44-34AB-3E6A-A241-F94F6D8B3078}.Release|x64.ActiveCfg = Release|x64
		{88596D44-34AB-3E6A-A241-F94F6D8B3078}.Release|x64.Build.0 = Release|x64
		{88596D44-34AB-3E6A-A241-F94F6D8B3078}.MinSizeRel|x64.ActiveCfg = MinSizeRel|x64
		{88596D44-34AB-3E6A-A241-F94F6D8B3078}.MinSizeRel|x64.Build.0 = MinSizeRel|x64
		{88596D44-34AB-3E6A-A241-F94F6D8B3078}.RelWithDebInfo|x64.ActiveCfg = RelWithDebInfo|x64
		{88596D44-34AB-3E6A-A241-F94F6D8B3078}.RelWithDebInfo|x64.Build.0 = RelWithDebInfo|x64
		{BBB5AB97-72FE-3D7A-9295-903221BC36AD}.Debug|x64.ActiveCfg = Debug|x64
		{BBB5AB97-72FE-3D7A-9295-903221BC36AD}.Release|x64.ActiveCfg = Release|x64
		{BBB5AB97-72FE-3D7A-9295-903221BC36AD}.MinSizeRel|x64.ActiveCfg = MinSizeRel|x64
		{BBB5AB97-72FE-3D7A-9295-903221BC36AD}.RelWithDebInfo|x64.ActiveCfg = RelWithDebInfo|x64
		{67147D0D-2E4B-378E-BBCB-1C424DC65B7F}.Debug|x64.ActiveCfg = Debug|x64
		{67147D0D-2E4B-378E-BBCB-1C424DC65B7F}.Debug|x64.Build.0 = Debug|x64
		{67147D0D-2E4B-378E-BBCB-1C424DC65B7F}.Release|x64.ActiveCfg = Release|x64
		{67147D0D-2E4B-378E-BBCB-1C424DC65B7F}.Release|x64.Build.0 = Release|x64
		{67147D0D-2E4B-378E-BBCB-1C424DC65B7F}.MinSizeRel|x64.ActiveCfg = MinSizeRel|x64
		{67147D0D-2E4B-378E-BBCB-1C424DC65B7F}.MinSizeRel|x64.Build.0 = MinSizeRel|x64
		{67147D0D-2E4B-378E-BBCB-1C424DC65B7F}.RelWithDebInfo|x64.ActiveCfg = RelWithDebInfo|x64
		{67147D0D-2E4B-378E-BBCB-1C424DC65B7F}.RelWithDebInfo|x64.Build.0 = RelWithDebInfo|x64
		{197F08EC-9EBE-36D5-B344-579ED6203A6F}.Debug|x64.ActiveCfg = Debug|x64
		{197F08EC-9EBE-36D5-B344-579ED6203A6F}.Debug|x64.Build.0 = Debug|x64
		{197F08EC-9EBE-36D5-B344-579ED6203A6F}.Release|x64.ActiveCfg = Release|x64
		{197F08EC-9EBE-36D5-B344-579ED6203A6F}.Release|x64.Build.0 = Release|x64
		{197F08EC-9EBE-36D5-B344-579ED6203A6F}.MinSizeRel|x64.ActiveCfg = MinSizeRel|x64
		{197F08EC-9EBE-36D5-B344-579ED6203A6F}.MinSizeRel|x64.Build.0 = MinSizeRel|x64
		{197F08EC-9EBE-36D5-B344-579ED6203A6F}.RelWithDebInfo|x64.ActiveCfg = RelWithDebInfo|x64
		{197F08EC-9EBE-36D5-B344-579ED6203A6F}.RelWithDebInfo|x64.Build.0 = RelWithDebInfo|x64
		{32B2C23F-A749-3AA1-B975-54A7A75F8DCF}.Debug|x64.ActiveCfg = Debug|x64
		{32B2C23F-A749-3AA1-B975-54A7A75F8DCF}.Debug|x64.Build.0 = Debug|x64
		{32B2C23F-A749-3AA1-B975-54A7A75F8DCF}.Release|x64.ActiveCfg = Release|x64
		{32B2C23F-A749-3AA1-B975-54A7A75F8DCF}.Release|x64.Build.0 = Release|x64
		{32B2C23F-A749-3AA1-B975-54A7A75F8DCF}.MinSizeRel|x64.ActiveCfg = MinSizeRel|x64
		{32B2C23F-A749-3AA1-B975-54A7A75F8DCF}.MinSizeRel|x64.Build.0 = MinSizeRel|x64
		{32B2C23F-A749-3AA1-B975-54A7A75F8DCF}.RelWithDebInfo|x64.ActiveCfg = RelWithDebInfo|x64
		{32B2C23F-A749-3AA1-B975-54A7A75F8DCF}.RelWithDebInfo|x64.Build.0 = RelWithDebInfo|x64
		{A7828D92-DC64-3AF7-A43E-36F5E5594A19}.Debug|x64.ActiveCfg = Debug|x64
		{A7828D92-DC64-3AF7-A43E-36F5E5594A19}.Debug|x64.Build.0 = Debug|x64
		{A7828D92-DC64-3AF7-A43E-36F5E5594A19}.Release|x64.ActiveCfg = Release|x64
		{A7828D92-DC64-3AF7-A43E-36F5E5594A19}.Release|x64.Build.0 = Release|x64
		{A7828D92-DC64-3AF7-A43E-36F5E5594A19}.MinSizeRel|x64.ActiveCfg = MinSizeRel|x64
		{A7828D92-DC64-3AF7-A43E-36F5E5594A19}.MinSizeRel|x64.Build.0 = MinSizeRel|x64
		{A7828D92-DC64-3AF7-A43E-36F5E5594A19}.RelWithDebInfo|x64.ActiveCfg = RelWithDebInfo|x64
		{A7828D92-DC64-3AF7-A43E-36F5E5594A19}.RelWithDebInfo|x64.Build.0 = RelWithDebInfo|x64
		{FB1EA0EE-71DF-38B8-8F1D-2CFEB7C696B3}.Debug|x64.ActiveCfg = Debug|x64
		{FB1EA0EE-71DF-38B8-8F1D-2CFEB7C696B3}.Debug|x64.Build.0 = Debug|x64
		{FB1EA0EE-71DF-38B8-8F1D-2CFEB7C696B3}.Release|x64.ActiveCfg = Release|x64
		{FB1EA0EE-71DF-38B8-8F1D-2CFEB7C696B3}.Release|x64.Build.0 = Release|x64
		{FB1EA0EE-71DF-38B8-8F1D-2CFEB7C696B3}.MinSizeRel|x64.ActiveCfg = MinSizeRel|x64
		{FB1EA0EE-71DF-38B8-8F1D-2CFEB7C696B3}.MinSizeRel|x64.Build.0 = MinSizeRel|x64
		{FB1EA0EE-71DF-38B8-8F1D-2CFEB7C696B3}.RelWithDebInfo|x64.ActiveCfg = RelWithDebInfo|x64
		{FB1EA0EE-71DF-38B8-8F1D-2CFEB7C696B3}.RelWithDebInfo|x64.Build.0 = RelWithDebInfo|x64
		{DCD1292D-4629-3426-94A6-DB39088CB067}.Debug|x64.ActiveCfg = Debug|x64
		{DCD1292D-4629-3426-94A6-DB39088CB067}.Debug|x64.Build.0 = Debug|x64
		{DCD1292D-4629-3426-94A6-DB39088CB067}.Release|x64.ActiveCfg = Release|x64
		{DCD1292D-4629-3426-94A6-DB39088CB067}.Release|x64.Build.0 = Release|x64
		{DCD1292D-4629-3426-94A6-DB39088CB067}.MinSizeRel|x64.ActiveCfg = MinSizeRel|x64
		{DCD1292D-4629-3426-94A6-DB39088CB067}.MinSizeRel|x64.Build.0 = MinSizeRel|x64
		{DCD1292D-4629-3426-94A6-DB39088CB067}.RelWithDebInfo|x64.ActiveCfg = RelWithDebInfo|x64
		{DCD1292D-4629-3426-94A6-DB39088CB067}.RelWithDebInfo|x64.Build.0 = RelWithDebInfo|x64
		{24D4987C-6BCA-39F4-BF7D-B84758E743E1}.Debug|x64.ActiveCfg = Debug|x64
		{24D4987C-6BCA-39F4-BF7D-B84758E743E1}.Release|x64.ActiveCfg = Release|x64
		{24D4987C-6BCA-39F4-BF7D-B84758E743E1}.MinSizeRel|x64.ActiveCfg = MinSizeRel|x64
		{24D4987C-6BCA-39F4-BF7D-B84758E743E1}.RelWithDebInfo|x64.ActiveCfg = RelWithDebInfo|x64
		{70D8A8CD-6AE4-3F79-8893-D1B68716A3E2}.Debug|x64.ActiveCfg = Debug|x64
		{70D8A8CD-6AE4-3F79-8893-D1B68716A3E2}.Release|x64.ActiveCfg = Release|x64
		{70D8A8CD-6AE4-3F79-8893-D1B68716A3E2}.MinSizeRel|x64.ActiveCfg = MinSizeRel|x64
		{70D8A8CD-6AE4-3F79-8893-D1B68716A3E2}.RelWithDebInfo|x64.ActiveCfg = RelWithDebInfo|x64
		{CC898E07-42FE-335C-A29D-F45FD12C09F9}.Debug|x64.ActiveCfg = Debug|x64
		{CC898E07-42FE-335C-A29D-F45FD12C09F9}.Debug|x64.Build.0 = Debug|x64
		{CC898E07-42FE-335C-A29D-F45FD12C09F9}.Release|x64.ActiveCfg = Release|x64
		{CC898E07-42FE-335C-A29D-F45FD12C09F9}.Release|x64.Build.0 = Release|x64
		{CC898E07-42FE-335C-A29D-F45FD12C09F9}.MinSizeRel|x64.ActiveCfg = MinSizeRel|x64
		{CC898E07-42FE-335C-A29D-F45FD12C09F9}.MinSizeRel|x64.Build.0 = MinSizeRel|x64
		{CC898E07-42FE-335C-A29D-F45FD12C09F9}.RelWithDebInfo|x64.ActiveCfg = RelWithDebInfo|x64
		{CC898E07-42FE-335C-A29D-F45FD12C09F9}.RelWithDebInfo|x64.Build.0 = RelWithDebInfo|x64
		{80A2BAFD-F93C-3ECC-9654-71130F805005}.Debug|x64.ActiveCfg = Debug|x64
		{80A2BAFD-F93C-3ECC-9654-71130F805005}.Debug|x64.Build.0 = Debug|x64
		{80A2BAFD-F93C-3ECC-9654-71130F805005}.Release|x64.ActiveCfg = Release|x64
		{80A2BAFD-F93C-3ECC-9654-71130F805005}.Release|x64.Build.0 = Release|x64
		{80A2BAFD-F93C-3ECC-9654-71130F805005}.MinSizeRel|x64.ActiveCfg = MinSizeRel|x64
		{80A2BAFD-F93C-3ECC-9654-71130F805005}.MinSizeRel|x64.Build.0 = MinSizeRel|x64
		{80A2BAFD-F93C-3ECC-9654-71130F805005}.RelWithDebInfo|x64.ActiveCfg = RelWithDebInfo|x64
		{80A2BAFD-F93C-3ECC-9654-71130F805005}.RelWithDebInfo|x64.Build.0 = RelWithDebInfo|x64
		{7C9BAA0A-173D-33AE-824E-AC9C24025742}.Debug|x64.ActiveCfg = Debug|x64
		{7C9BAA0A-173D-33AE-824E-AC9C24025742}.Debug|x64.Build.0 = Debug|x64
		{7C9BAA0A-173D-33AE-824E-AC9C24025742}.Release|x64.ActiveCfg = Release|x64
		{7C9BAA0A-173D-33AE-824E-AC9C24025742}.Release|x64.Build.0 = Release|x64
		{7C9BAA0A-173D-33AE-824E-AC9C24025742}.MinSizeRel|x64.ActiveCfg = MinSizeRel|x64
		{7C9BAA0A-173D-33AE-824E-AC9C24025742}.MinSizeRel|x64.Build.0 = MinSizeRel|x64
		{7C9BAA0A-173D-33AE-824E-AC9C24025742}.RelWithDebInfo|x64.ActiveCfg = RelWithDebInfo|x64
		{7C9BAA0A-173D-33AE-824E-AC9C24025742}.RelWithDebInfo|x64.Build.0 = RelWithDebInfo|x64
		{4275E882-6AB7-3ED7-9A0F-544AFB1ED3AD}.Debug|x64.ActiveCfg = Debug|x64
		{4275E882-6AB7-3ED7-9A0F-544AFB1ED3AD}.Debug|x64.Build.0 = Debug|x64
		{4275E882-6AB7-3ED7-9A0F-544AFB1ED3AD}.Release|x64.ActiveCfg = Release|x64
		{4275E882-6AB7-3ED7-9A0F-544AFB1ED3AD}.Release|x64.Build.0 = Release|x64
		{4275E882-6AB7-3ED7-9A0F-544AFB1ED3AD}.MinSizeRel|x64.ActiveCfg = MinSizeRel|x64
		{4275E882-6AB7-3ED7-9A0F-544AFB1ED3AD}.MinSizeRel|x64.Build.0 = MinSizeRel|x64
		{4275E882-6AB7-3ED7-9A0F-544AFB1ED3AD}.RelWithDebInfo|x64.ActiveCfg = RelWithDebInfo|x64
		{4275E882-6AB7-3ED7-9A0F-544AFB1ED3AD}.RelWithDebInfo|x64.Build.0 = RelWithDebInfo|x64
		{AA8C7A49-5F34-328E-AB84-29FB7999DD2E}.Debug|x64.ActiveCfg = Debug|x64
		{AA8C7A49-5F34-328E-AB84-29FB7999DD2E}.Debug|x64.Build.0 = Debug|x64
		{AA8C7A49-5F34-328E-AB84-29FB7999DD2E}.Release|x64.ActiveCfg = Release|x64
		{AA8C7A49-5F34-328E-AB84-29FB7999DD2E}.Release|x64.Build.0 = Release|x64
		{AA8C7A49-5F34-328E-AB84-29FB7999DD2E}.MinSizeRel|x64.ActiveCfg = MinSizeRel|x64
		{AA8C7A49-5F34-328E-AB84-29FB7999DD2E}.MinSizeRel|x64.Build.0 = MinSizeRel|x64
		{AA8C7A49-5F34-328E-AB84-29FB7999DD2E}.RelWithDebInfo|x64.ActiveCfg = RelWithDebInfo|x64
		{AA8C7A49-5F34-328E-AB84-29FB7999DD2E}.RelWithDebInfo|x64.Build.0 = RelWithDebInfo|x64
		{C517825C-6791-3A15-842B-F812EE27FE25}.Debug|x64.ActiveCfg = Debug|x64
		{C517825C-6791-3A15-842B-F812EE27FE25}.Debug|x64.Build.0 = Debug|x64
		{C517825C-6791-3A15-842B-F812EE27FE25}.Release|x64.ActiveCfg = Release|x64
		{C517825C-6791-3A15-842B-F812EE27FE25}.Release|x64.Build.0 = Release|x64
		{C517825C-6791-3A15-842B-F812EE27FE25}.MinSizeRel|x64.ActiveCfg = MinSizeRel|x64
		{C517825C-6791-3A15-842B-F812EE27FE25}.MinSizeRel|x64.Build.0 = MinSizeRel|x64
		{C517825C-6791-3A15-842B-F812EE27FE25}.RelWithDebInfo|x64.ActiveCfg = RelWithDebInfo|x64
		{C517825C-6791-3A15-842B-F812EE27FE25}.RelWithDebInfo|x64.Build.0 = RelWithDebInfo|x64
		{4DC0D027-80FC-3F34-A7DD-2DAC26FA45D5}.Debug|x64.ActiveCfg = Debug|x64
		{4DC0D027-80FC-3F34-A7DD-2DAC26FA45D5}.Debug|x64.Build.0 = Debug|x64
		{4DC0D027-80FC-3F34-A7DD-2DAC26FA45D5}.Release|x64.ActiveCfg = Release|x64
		{4DC0D027-80FC-3F34-A7DD-2DAC26FA45D5}.Release|x64.Build.0 = Release|x64
		{4DC0D027-80FC-3F34-A7DD-2DAC26FA45D5}.MinSizeRel|x64.ActiveCfg = MinSizeRel|x64
		{4DC0D027-80FC-3F34-A7DD-2DAC26FA45D5}.MinSizeRel|x64.Build.0 = MinSizeRel|x64
		{4DC0D027-80FC-3F34-A7DD-2DAC26FA45D5}.RelWithDebInfo|x64.ActiveCfg = RelWithDebInfo|x64
		{4DC0D027-80FC-3F34-A7DD-2DAC26FA45D5}.RelWithDebInfo|x64.Build.0 = RelWithDebInfo|x64
		{C390E066-8BB6-3399-A3E1-184F84DDBEA9}.Debug|x64.ActiveCfg = Debug|x64
		{C390E066-8BB6-3399-A3E1-184F84DDBEA9}.Debug|x64.Build.0 = Debug|x64
		{C390E066-8BB6-3399-A3E1-184F84DDBEA9}.Release|x64.ActiveCfg = Release|x64
		{C390E066-8BB6-3399-A3E1-184F84DDBEA9}.Release|x64.Build.0 = Release|x64
		{C390E066-8BB6-3399-A3E1-184F84DDBEA9}.MinSizeRel|x64.ActiveCfg = MinSizeRel|x64
		{C390E066-8BB6-3399-A3E1-184F84DDBEA9}.MinSizeRel|x64.Build.0 = MinSizeRel|x64
		{C390E066-8BB6-3399-A3E1-184F84DDBEA9}.RelWithDebInfo|x64.ActiveCfg = RelWithDebInfo|x64
		{C390E066-8BB6-3399-A3E1-184F84DDBEA9}.RelWithDebInfo|x64.Build.0 = RelWithDebInfo|x64
		{EB043F7D-720B-337F-9E02-7A36D4B02A23}.Debug|x64.ActiveCfg = Debug|x64
		{EB043F7D-720B-337F-9E02-7A36D4B02A23}.Debug|x64.Build.0 = Debug|x64
		{EB043F7D-720B-337F-9E02-7A36D4B02A23}.Release|x64.ActiveCfg = Release|x64
		{EB043F7D-720B-337F-9E02-7A36D4B02A23}.Release|x64.Build.0 = Release|x64
		{EB043F7D-720B-337F-9E02-7A36D4B02A23}.MinSizeRel|x64.ActiveCfg = MinSizeRel|x64
		{EB043F7D-720B-337F-9E02-7A36D4B02A23}.MinSizeRel|x64.Build.0 = MinSizeRel|x64
		{EB043F7D-720B-337F-9E02-7A36D4B02A23}.RelWithDebInfo|x64.ActiveCfg = RelWithDebInfo|x64
		{EB043F7D-720B-337F-9E02-7A36D4B02A23}.RelWithDebInfo|x64.Build.0 = RelWithDebInfo|x64
		{D92CD151-6D37-35A4-9C8A-7D114EA0E4F3}.Debug|x64.ActiveCfg = Debug|x64
		{D92CD151-6D37-35A4-9C8A-7D114EA0E4F3}.Debug|x64.Build.0 = Debug|x64
		{D92CD151-6D37-35A4-9C8A-7D114EA0E4F3}.Release|x64.ActiveCfg = Release|x64
		{D92CD151-6D37-35A4-9C8A-7D114EA0E4F3}.Release|x64.Build.0 = Release|x64
		{D92CD151-6D37-35A4-9C8A-7D114EA0E4F3}.MinSizeRel|x64.ActiveCfg = MinSizeRel|x64
		{D92CD151-6D37-35A4-9C8A-7D114EA0E4F3}.MinSizeRel|x64.Build.0 = MinSizeRel|x64
		{D92CD151-6D37-35A4-9C8A-7D114EA0E4F3}.RelWithDebInfo|x64.ActiveCfg = RelWithDebInfo|x64
		{D92CD151-6D37-35A4-9C8A-7D114EA0E4F3}.RelWithDebInfo|x64.Build.0 = RelWithDebInfo|x64
	EndGlobalSection
	GlobalSection(ExtensibilityGlobals) = postSolution
	EndGlobalSection
	GlobalSection(ExtensibilityAddIns) = postSolution
	EndGlobalSection
EndGlobal
